// !$*UTF8*$!
{
	archiveVersion = 1;
	classes = {
	};
	objectVersion = 46;
	objects = {

/* Begin PBXBuildFile section */
		833ECC27164D08E6003CF77D /* Calc.ometam in Resources */ = {isa = PBXBuildFile; fileRef = 833ECC26164D08E6003CF77D /* Calc.ometam */; };
		833ECC38164E513C003CF77D /* CEKeywordToken.m in Sources */ = {isa = PBXBuildFile; fileRef = 833ECC37164E513C003CF77D /* CEKeywordToken.m */; };
		833ECC3B164E519B003CF77D /* CECodeToken.m in Sources */ = {isa = PBXBuildFile; fileRef = 833ECC3A164E519B003CF77D /* CECodeToken.m */; };
		833ECC3E164E51CE003CF77D /* CEOperatorToken.m in Sources */ = {isa = PBXBuildFile; fileRef = 833ECC3D164E51CE003CF77D /* CEOperatorToken.m */; };
		833ECC41164E6A5C003CF77D /* NSString+Extras.m in Sources */ = {isa = PBXBuildFile; fileRef = 833ECC40164E6A5C003CF77D /* NSString+Extras.m */; };
		833ECC44164E70D0003CF77D /* CELiteralToken.m in Sources */ = {isa = PBXBuildFile; fileRef = 833ECC43164E70D0003CF77D /* CELiteralToken.m */; };
		83718AEA164A6AA900860D8A /* UIKit.framework in Frameworks */ = {isa = PBXBuildFile; fileRef = 83718AE9164A6AA900860D8A /* UIKit.framework */; };
		83718AEC164A6AA900860D8A /* Foundation.framework in Frameworks */ = {isa = PBXBuildFile; fileRef = 83718AEB164A6AA900860D8A /* Foundation.framework */; };
		83718AEE164A6AA900860D8A /* CoreGraphics.framework in Frameworks */ = {isa = PBXBuildFile; fileRef = 83718AED164A6AA900860D8A /* CoreGraphics.framework */; };
		83718AF0164A6AA900860D8A /* CoreData.framework in Frameworks */ = {isa = PBXBuildFile; fileRef = 83718AEF164A6AA900860D8A /* CoreData.framework */; };
		83718AF6164A6AA900860D8A /* InfoPlist.strings in Resources */ = {isa = PBXBuildFile; fileRef = 83718AF4164A6AA900860D8A /* InfoPlist.strings */; };
		83718AF8164A6AA900860D8A /* main.m in Sources */ = {isa = PBXBuildFile; fileRef = 83718AF7164A6AA900860D8A /* main.m */; };
		83718AFC164A6AA900860D8A /* CEAppDelegate.m in Sources */ = {isa = PBXBuildFile; fileRef = 83718AFB164A6AA900860D8A /* CEAppDelegate.m */; };
		83718AFE164A6AA900860D8A /* Default.png in Resources */ = {isa = PBXBuildFile; fileRef = 83718AFD164A6AA900860D8A /* Default.png */; };
		83718B00164A6AA900860D8A /* Default@2x.png in Resources */ = {isa = PBXBuildFile; fileRef = 83718AFF164A6AA900860D8A /* Default@2x.png */; };
		83718B02164A6AA900860D8A /* Default-568h@2x.png in Resources */ = {isa = PBXBuildFile; fileRef = 83718B01164A6AA900860D8A /* Default-568h@2x.png */; };
		83718B05164A6AA900860D8A /* OMeta.xcdatamodeld in Sources */ = {isa = PBXBuildFile; fileRef = 83718B03164A6AA900860D8A /* OMeta.xcdatamodeld */; };
		83718B0D164A6AA900860D8A /* SenTestingKit.framework in Frameworks */ = {isa = PBXBuildFile; fileRef = 83718B0C164A6AA900860D8A /* SenTestingKit.framework */; };
		83718B0E164A6AA900860D8A /* UIKit.framework in Frameworks */ = {isa = PBXBuildFile; fileRef = 83718AE9164A6AA900860D8A /* UIKit.framework */; };
		83718B0F164A6AA900860D8A /* Foundation.framework in Frameworks */ = {isa = PBXBuildFile; fileRef = 83718AEB164A6AA900860D8A /* Foundation.framework */; };
		83718B10164A6AA900860D8A /* CoreData.framework in Frameworks */ = {isa = PBXBuildFile; fileRef = 83718AEF164A6AA900860D8A /* CoreData.framework */; };
		83718B18164A6AA900860D8A /* InfoPlist.strings in Resources */ = {isa = PBXBuildFile; fileRef = 83718B16164A6AA900860D8A /* InfoPlist.strings */; };
		83718B1B164A6AA900860D8A /* OMetaTests.m in Sources */ = {isa = PBXBuildFile; fileRef = 83718B1A164A6AA900860D8A /* OMetaTests.m */; };
		83718B26164A6B0C00860D8A /* CEOMetaParser.m in Sources */ = {isa = PBXBuildFile; fileRef = 83718B25164A6B0C00860D8A /* CEOMetaParser.m */; };
		83718B29164A6B7E00860D8A /* CEOMetaTokenizerTests.m in Sources */ = {isa = PBXBuildFile; fileRef = 83718B28164A6B7E00860D8A /* CEOMetaTokenizerTests.m */; };
		83718B2C164A6B9C00860D8A /* CEOMetaTokenizer.m in Sources */ = {isa = PBXBuildFile; fileRef = 83718B2B164A6B9C00860D8A /* CEOMetaTokenizer.m */; };
		83718B36164A6FB100860D8A /* NSArray+Extensions.m in Sources */ = {isa = PBXBuildFile; fileRef = 83718B35164A6FB100860D8A /* NSArray+Extensions.m */; };
		83718B3A164A70C900860D8A /* CEOMetaProgram.m in Sources */ = {isa = PBXBuildFile; fileRef = 83718B39164A70C900860D8A /* CEOMetaProgram.m */; };
		83718B3E164A70ED00860D8A /* CEOMetaParserTests.m in Sources */ = {isa = PBXBuildFile; fileRef = 83718B3D164A70ED00860D8A /* CEOMetaParserTests.m */; };
		83718B47164A78BE00860D8A /* CEOMetaRule.m in Sources */ = {isa = PBXBuildFile; fileRef = 83718B46164A78BE00860D8A /* CEOMetaRule.m */; };
		83718B4A164A80E100860D8A /* CEOMetaApp.m in Sources */ = {isa = PBXBuildFile; fileRef = 83718B49164A80E100860D8A /* CEOMetaApp.m */; };
		83718B4D164AA82D00860D8A /* CEOMetaChoice.m in Sources */ = {isa = PBXBuildFile; fileRef = 83718B4C164AA82D00860D8A /* CEOMetaChoice.m */; };
		83718B51164AAB5B00860D8A /* CEOMetaSeq.m in Sources */ = {isa = PBXBuildFile; fileRef = 83718B50164AAB5B00860D8A /* CEOMetaSeq.m */; };
		83718B54164AAD6400860D8A /* CEOMetaRepeatMany.m in Sources */ = {isa = PBXBuildFile; fileRef = 83718B53164AAD6400860D8A /* CEOMetaRepeatMany.m */; };
		83718B57164AB14D00860D8A /* CEOMetaNot.m in Sources */ = {isa = PBXBuildFile; fileRef = 83718B56164AB14D00860D8A /* CEOMetaNot.m */; };
		83718B5A164AB5B400860D8A /* CEOMetaString.m in Sources */ = {isa = PBXBuildFile; fileRef = 83718B59164AB5B300860D8A /* CEOMetaString.m */; };
		83718B61164ABF7D00860D8A /* CEResultAndStream.m in Sources */ = {isa = PBXBuildFile; fileRef = 83718B60164ABF7D00860D8A /* CEResultAndStream.m */; };
		83718B65164AC28300860D8A /* CEEvaluator.m in Sources */ = {isa = PBXBuildFile; fileRef = 83718B64164AC28300860D8A /* CEEvaluator.m */; };
		83718B6D164AD12300860D8A /* NSString+Stream.m in Sources */ = {isa = PBXBuildFile; fileRef = 83718B6C164AD12300860D8A /* NSString+Stream.m */; };
		8371F4ED164FA9C000A05F46 /* E.ometam in Resources */ = {isa = PBXBuildFile; fileRef = 8371F4EA164FA9C000A05F46 /* E.ometam */; };
		8371F4EE164FA9C000A05F46 /* EAST.ometam in Resources */ = {isa = PBXBuildFile; fileRef = 8371F4EB164FA9C000A05F46 /* EAST.ometam */; };
		8371F4EF164FA9C000A05F46 /* EASTEval.ometam in Resources */ = {isa = PBXBuildFile; fileRef = 8371F4EC164FA9C000A05F46 /* EASTEval.ometam */; };
		8371F4F7164FAB5600A05F46 /* ExpRecognizer.ometam in Resources */ = {isa = PBXBuildFile; fileRef = 8371F4F6164FAB5600A05F46 /* ExpRecognizer.ometam */; };
		8371F4FA164FABAD00A05F46 /* CEOMetaGeneratedCodeTests.m in Sources */ = {isa = PBXBuildFile; fileRef = 8371F4F9164FABAD00A05F46 /* CEOMetaGeneratedCodeTests.m */; };
		8371F500164FD88C00A05F46 /* Query.ometam in Resources */ = {isa = PBXBuildFile; fileRef = 8371F4FF164FD88C00A05F46 /* Query.ometam */; };
		8371F50A164FDD0300A05F46 /* E.m in Sources */ = {isa = PBXBuildFile; fileRef = 8371F505164FDD0300A05F46 /* E.m */; };
		8371F50B164FDD0300A05F46 /* EAST.m in Sources */ = {isa = PBXBuildFile; fileRef = 8371F507164FDD0300A05F46 /* EAST.m */; };
		8371F50C164FDD0300A05F46 /* EASTEval.m in Sources */ = {isa = PBXBuildFile; fileRef = 8371F509164FDD0300A05F46 /* EASTEval.m */; };
		8371F50F164FDD0E00A05F46 /* Calc.m in Sources */ = {isa = PBXBuildFile; fileRef = 8371F50E164FDD0E00A05F46 /* Calc.m */; };
		8371F512164FDD2700A05F46 /* Query.m in Sources */ = {isa = PBXBuildFile; fileRef = 8371F511164FDD2700A05F46 /* Query.m */; };
		83756C1E164BB2CA00360B28 /* CEOMetaRepeatOne.m in Sources */ = {isa = PBXBuildFile; fileRef = 83756C1D164BB2CA00360B28 /* CEOMetaRepeatOne.m */; };
		83756C22164BB6DD00360B28 /* CEOMetaNamed.m in Sources */ = {isa = PBXBuildFile; fileRef = 83756C21164BB6DD00360B28 /* CEOMetaNamed.m */; };
		83756C25164BBD3700360B28 /* CEOMetaAct.m in Sources */ = {isa = PBXBuildFile; fileRef = 83756C24164BBD3700360B28 /* CEOMetaAct.m */; };
		83E20282164BF6D200FED94D /* CEOMetaList.m in Sources */ = {isa = PBXBuildFile; fileRef = 83E20281164BF6D200FED94D /* CEOMetaList.m */; };
		83E20289164C03C400FED94D /* NSArray+Stream.m in Sources */ = {isa = PBXBuildFile; fileRef = 83E20288164C03C400FED94D /* NSArray+Stream.m */; };
/* End PBXBuildFile section */

/* Begin PBXContainerItemProxy section */
		83718B11164A6AA900860D8A /* PBXContainerItemProxy */ = {
			isa = PBXContainerItemProxy;
			containerPortal = 83718ADC164A6AA900860D8A /* Project object */;
			proxyType = 1;
			remoteGlobalIDString = 83718AE4164A6AA900860D8A;
			remoteInfo = OMeta;
		};
/* End PBXContainerItemProxy section */

/* Begin PBXFileReference section */
		833ECC26164D08E6003CF77D /* Calc.ometam */ = {isa = PBXFileReference; fileEncoding = 4; lastKnownFileType = text; path = Calc.ometam; sourceTree = "<group>"; };
		833ECC36164E513C003CF77D /* CEKeywordToken.h */ = {isa = PBXFileReference; fileEncoding = 4; lastKnownFileType = sourcecode.c.h; path = CEKeywordToken.h; sourceTree = "<group>"; };
		833ECC37164E513C003CF77D /* CEKeywordToken.m */ = {isa = PBXFileReference; fileEncoding = 4; lastKnownFileType = sourcecode.c.objc; path = CEKeywordToken.m; sourceTree = "<group>"; };
		833ECC39164E519B003CF77D /* CECodeToken.h */ = {isa = PBXFileReference; fileEncoding = 4; lastKnownFileType = sourcecode.c.h; path = CECodeToken.h; sourceTree = "<group>"; };
		833ECC3A164E519B003CF77D /* CECodeToken.m */ = {isa = PBXFileReference; fileEncoding = 4; lastKnownFileType = sourcecode.c.objc; path = CECodeToken.m; sourceTree = "<group>"; };
		833ECC3C164E51CE003CF77D /* CEOperatorToken.h */ = {isa = PBXFileReference; fileEncoding = 4; lastKnownFileType = sourcecode.c.h; path = CEOperatorToken.h; sourceTree = "<group>"; };
		833ECC3D164E51CE003CF77D /* CEOperatorToken.m */ = {isa = PBXFileReference; fileEncoding = 4; lastKnownFileType = sourcecode.c.objc; path = CEOperatorToken.m; sourceTree = "<group>"; };
		833ECC3F164E6A5B003CF77D /* NSString+Extras.h */ = {isa = PBXFileReference; fileEncoding = 4; lastKnownFileType = sourcecode.c.h; path = "NSString+Extras.h"; sourceTree = "<group>"; };
		833ECC40164E6A5C003CF77D /* NSString+Extras.m */ = {isa = PBXFileReference; fileEncoding = 4; lastKnownFileType = sourcecode.c.objc; path = "NSString+Extras.m"; sourceTree = "<group>"; };
		833ECC42164E70D0003CF77D /* CELiteralToken.h */ = {isa = PBXFileReference; fileEncoding = 4; lastKnownFileType = sourcecode.c.h; path = CELiteralToken.h; sourceTree = "<group>"; };
		833ECC43164E70D0003CF77D /* CELiteralToken.m */ = {isa = PBXFileReference; fileEncoding = 4; lastKnownFileType = sourcecode.c.objc; path = CELiteralToken.m; sourceTree = "<group>"; };
		833ECC45164E7190003CF77D /* CETokens.h */ = {isa = PBXFileReference; lastKnownFileType = sourcecode.c.h; path = CETokens.h; sourceTree = "<group>"; };
		83718AE5164A6AA900860D8A /* OMeta.app */ = {isa = PBXFileReference; explicitFileType = wrapper.application; includeInIndex = 0; path = OMeta.app; sourceTree = BUILT_PRODUCTS_DIR; };
		83718AE9164A6AA900860D8A /* UIKit.framework */ = {isa = PBXFileReference; lastKnownFileType = wrapper.framework; name = UIKit.framework; path = System/Library/Frameworks/UIKit.framework; sourceTree = SDKROOT; };
		83718AEB164A6AA900860D8A /* Foundation.framework */ = {isa = PBXFileReference; lastKnownFileType = wrapper.framework; name = Foundation.framework; path = System/Library/Frameworks/Foundation.framework; sourceTree = SDKROOT; };
		83718AED164A6AA900860D8A /* CoreGraphics.framework */ = {isa = PBXFileReference; lastKnownFileType = wrapper.framework; name = CoreGraphics.framework; path = System/Library/Frameworks/CoreGraphics.framework; sourceTree = SDKROOT; };
		83718AEF164A6AA900860D8A /* CoreData.framework */ = {isa = PBXFileReference; lastKnownFileType = wrapper.framework; name = CoreData.framework; path = System/Library/Frameworks/CoreData.framework; sourceTree = SDKROOT; };
		83718AF3164A6AA900860D8A /* OMeta-Info.plist */ = {isa = PBXFileReference; lastKnownFileType = text.plist.xml; path = "OMeta-Info.plist"; sourceTree = "<group>"; };
		83718AF5164A6AA900860D8A /* en */ = {isa = PBXFileReference; lastKnownFileType = text.plist.strings; name = en; path = en.lproj/InfoPlist.strings; sourceTree = "<group>"; };
		83718AF7164A6AA900860D8A /* main.m */ = {isa = PBXFileReference; lastKnownFileType = sourcecode.c.objc; path = main.m; sourceTree = "<group>"; };
		83718AF9164A6AA900860D8A /* OMeta-Prefix.pch */ = {isa = PBXFileReference; lastKnownFileType = sourcecode.c.h; path = "OMeta-Prefix.pch"; sourceTree = "<group>"; };
		83718AFA164A6AA900860D8A /* CEAppDelegate.h */ = {isa = PBXFileReference; lastKnownFileType = sourcecode.c.h; path = CEAppDelegate.h; sourceTree = "<group>"; };
		83718AFB164A6AA900860D8A /* CEAppDelegate.m */ = {isa = PBXFileReference; lastKnownFileType = sourcecode.c.objc; path = CEAppDelegate.m; sourceTree = "<group>"; };
		83718AFD164A6AA900860D8A /* Default.png */ = {isa = PBXFileReference; lastKnownFileType = image.png; path = Default.png; sourceTree = "<group>"; };
		83718AFF164A6AA900860D8A /* Default@2x.png */ = {isa = PBXFileReference; lastKnownFileType = image.png; path = "Default@2x.png"; sourceTree = "<group>"; };
		83718B01164A6AA900860D8A /* Default-568h@2x.png */ = {isa = PBXFileReference; lastKnownFileType = image.png; path = "Default-568h@2x.png"; sourceTree = "<group>"; };
		83718B04164A6AA900860D8A /* OMeta.xcdatamodel */ = {isa = PBXFileReference; lastKnownFileType = wrapper.xcdatamodel; path = OMeta.xcdatamodel; sourceTree = "<group>"; };
		83718B0B164A6AA900860D8A /* OMetaTests.octest */ = {isa = PBXFileReference; explicitFileType = wrapper.cfbundle; includeInIndex = 0; path = OMetaTests.octest; sourceTree = BUILT_PRODUCTS_DIR; };
		83718B0C164A6AA900860D8A /* SenTestingKit.framework */ = {isa = PBXFileReference; lastKnownFileType = wrapper.framework; name = SenTestingKit.framework; path = Library/Frameworks/SenTestingKit.framework; sourceTree = DEVELOPER_DIR; };
		83718B15164A6AA900860D8A /* OMetaTests-Info.plist */ = {isa = PBXFileReference; lastKnownFileType = text.plist.xml; path = "OMetaTests-Info.plist"; sourceTree = "<group>"; };
		83718B17164A6AA900860D8A /* en */ = {isa = PBXFileReference; lastKnownFileType = text.plist.strings; name = en; path = en.lproj/InfoPlist.strings; sourceTree = "<group>"; };
		83718B19164A6AA900860D8A /* OMetaTests.h */ = {isa = PBXFileReference; lastKnownFileType = sourcecode.c.h; path = OMetaTests.h; sourceTree = "<group>"; };
		83718B1A164A6AA900860D8A /* OMetaTests.m */ = {isa = PBXFileReference; lastKnownFileType = sourcecode.c.objc; path = OMetaTests.m; sourceTree = "<group>"; };
		83718B24164A6B0C00860D8A /* CEOMetaParser.h */ = {isa = PBXFileReference; fileEncoding = 4; lastKnownFileType = sourcecode.c.h; path = CEOMetaParser.h; sourceTree = "<group>"; };
		83718B25164A6B0C00860D8A /* CEOMetaParser.m */ = {isa = PBXFileReference; fileEncoding = 4; lastKnownFileType = sourcecode.c.objc; path = CEOMetaParser.m; sourceTree = "<group>"; };
		83718B27164A6B7E00860D8A /* CEOMetaTokenizerTests.h */ = {isa = PBXFileReference; fileEncoding = 4; lastKnownFileType = sourcecode.c.h; path = CEOMetaTokenizerTests.h; sourceTree = "<group>"; };
		83718B28164A6B7E00860D8A /* CEOMetaTokenizerTests.m */ = {isa = PBXFileReference; fileEncoding = 4; lastKnownFileType = sourcecode.c.objc; path = CEOMetaTokenizerTests.m; sourceTree = "<group>"; };
		83718B2A164A6B9C00860D8A /* CEOMetaTokenizer.h */ = {isa = PBXFileReference; fileEncoding = 4; lastKnownFileType = sourcecode.c.h; path = CEOMetaTokenizer.h; sourceTree = "<group>"; };
		83718B2B164A6B9C00860D8A /* CEOMetaTokenizer.m */ = {isa = PBXFileReference; fileEncoding = 4; lastKnownFileType = sourcecode.c.objc; path = CEOMetaTokenizer.m; sourceTree = "<group>"; };
		83718B34164A6FB100860D8A /* NSArray+Extensions.h */ = {isa = PBXFileReference; fileEncoding = 4; lastKnownFileType = sourcecode.c.h; path = "NSArray+Extensions.h"; sourceTree = "<group>"; };
		83718B35164A6FB100860D8A /* NSArray+Extensions.m */ = {isa = PBXFileReference; fileEncoding = 4; lastKnownFileType = sourcecode.c.objc; path = "NSArray+Extensions.m"; sourceTree = "<group>"; };
		83718B37164A6FCB00860D8A /* THBlocks.h */ = {isa = PBXFileReference; fileEncoding = 4; lastKnownFileType = sourcecode.c.h; path = THBlocks.h; sourceTree = "<group>"; };
		83718B38164A70C900860D8A /* CEOMetaProgram.h */ = {isa = PBXFileReference; fileEncoding = 4; lastKnownFileType = sourcecode.c.h; path = CEOMetaProgram.h; sourceTree = "<group>"; };
		83718B39164A70C900860D8A /* CEOMetaProgram.m */ = {isa = PBXFileReference; fileEncoding = 4; lastKnownFileType = sourcecode.c.objc; path = CEOMetaProgram.m; sourceTree = "<group>"; };
		83718B3C164A70ED00860D8A /* CEOMetaParserTests.h */ = {isa = PBXFileReference; fileEncoding = 4; lastKnownFileType = sourcecode.c.h; path = CEOMetaParserTests.h; sourceTree = "<group>"; };
		83718B3D164A70ED00860D8A /* CEOMetaParserTests.m */ = {isa = PBXFileReference; fileEncoding = 4; lastKnownFileType = sourcecode.c.objc; path = CEOMetaParserTests.m; sourceTree = "<group>"; };
		83718B45164A78BE00860D8A /* CEOMetaRule.h */ = {isa = PBXFileReference; fileEncoding = 4; lastKnownFileType = sourcecode.c.h; path = CEOMetaRule.h; sourceTree = "<group>"; };
		83718B46164A78BE00860D8A /* CEOMetaRule.m */ = {isa = PBXFileReference; fileEncoding = 4; lastKnownFileType = sourcecode.c.objc; path = CEOMetaRule.m; sourceTree = "<group>"; };
		83718B48164A80E100860D8A /* CEOMetaApp.h */ = {isa = PBXFileReference; fileEncoding = 4; lastKnownFileType = sourcecode.c.h; path = CEOMetaApp.h; sourceTree = "<group>"; };
		83718B49164A80E100860D8A /* CEOMetaApp.m */ = {isa = PBXFileReference; fileEncoding = 4; lastKnownFileType = sourcecode.c.objc; path = CEOMetaApp.m; sourceTree = "<group>"; };
		83718B4B164AA82D00860D8A /* CEOMetaChoice.h */ = {isa = PBXFileReference; fileEncoding = 4; lastKnownFileType = sourcecode.c.h; path = CEOMetaChoice.h; sourceTree = "<group>"; };
		83718B4C164AA82D00860D8A /* CEOMetaChoice.m */ = {isa = PBXFileReference; fileEncoding = 4; lastKnownFileType = sourcecode.c.objc; path = CEOMetaChoice.m; sourceTree = "<group>"; };
		83718B4E164AA83E00860D8A /* CEOMetaExp.h */ = {isa = PBXFileReference; lastKnownFileType = sourcecode.c.h; path = CEOMetaExp.h; sourceTree = "<group>"; };
		83718B4F164AAB5B00860D8A /* CEOMetaSeq.h */ = {isa = PBXFileReference; fileEncoding = 4; lastKnownFileType = sourcecode.c.h; path = CEOMetaSeq.h; sourceTree = "<group>"; };
		83718B50164AAB5B00860D8A /* CEOMetaSeq.m */ = {isa = PBXFileReference; fileEncoding = 4; lastKnownFileType = sourcecode.c.objc; path = CEOMetaSeq.m; sourceTree = "<group>"; };
		83718B52164AAD6400860D8A /* CEOMetaRepeatMany.h */ = {isa = PBXFileReference; fileEncoding = 4; lastKnownFileType = sourcecode.c.h; path = CEOMetaRepeatMany.h; sourceTree = "<group>"; };
		83718B53164AAD6400860D8A /* CEOMetaRepeatMany.m */ = {isa = PBXFileReference; fileEncoding = 4; lastKnownFileType = sourcecode.c.objc; path = CEOMetaRepeatMany.m; sourceTree = "<group>"; };
		83718B55164AB14D00860D8A /* CEOMetaNot.h */ = {isa = PBXFileReference; fileEncoding = 4; lastKnownFileType = sourcecode.c.h; path = CEOMetaNot.h; sourceTree = "<group>"; };
		83718B56164AB14D00860D8A /* CEOMetaNot.m */ = {isa = PBXFileReference; fileEncoding = 4; lastKnownFileType = sourcecode.c.objc; path = CEOMetaNot.m; sourceTree = "<group>"; };
		83718B58164AB5B300860D8A /* CEOMetaString.h */ = {isa = PBXFileReference; fileEncoding = 4; lastKnownFileType = sourcecode.c.h; path = CEOMetaString.h; sourceTree = "<group>"; };
		83718B59164AB5B300860D8A /* CEOMetaString.m */ = {isa = PBXFileReference; fileEncoding = 4; lastKnownFileType = sourcecode.c.objc; path = CEOMetaString.m; sourceTree = "<group>"; };
		83718B5F164ABF7C00860D8A /* CEResultAndStream.h */ = {isa = PBXFileReference; fileEncoding = 4; lastKnownFileType = sourcecode.c.h; path = CEResultAndStream.h; sourceTree = "<group>"; };
		83718B60164ABF7D00860D8A /* CEResultAndStream.m */ = {isa = PBXFileReference; fileEncoding = 4; lastKnownFileType = sourcecode.c.objc; path = CEResultAndStream.m; sourceTree = "<group>"; };
		83718B63164AC28300860D8A /* CEEvaluator.h */ = {isa = PBXFileReference; fileEncoding = 4; lastKnownFileType = sourcecode.c.h; path = CEEvaluator.h; sourceTree = "<group>"; };
		83718B64164AC28300860D8A /* CEEvaluator.m */ = {isa = PBXFileReference; fileEncoding = 4; lastKnownFileType = sourcecode.c.objc; path = CEEvaluator.m; sourceTree = "<group>"; };
		83718B6B164AD12300860D8A /* NSString+Stream.h */ = {isa = PBXFileReference; fileEncoding = 4; lastKnownFileType = sourcecode.c.h; path = "NSString+Stream.h"; sourceTree = "<group>"; };
		83718B6C164AD12300860D8A /* NSString+Stream.m */ = {isa = PBXFileReference; fileEncoding = 4; lastKnownFileType = sourcecode.c.objc; path = "NSString+Stream.m"; sourceTree = "<group>"; };
		8371F4EA164FA9C000A05F46 /* E.ometam */ = {isa = PBXFileReference; fileEncoding = 4; lastKnownFileType = text; path = E.ometam; sourceTree = "<group>"; };
		8371F4EB164FA9C000A05F46 /* EAST.ometam */ = {isa = PBXFileReference; fileEncoding = 4; lastKnownFileType = text; path = EAST.ometam; sourceTree = "<group>"; };
		8371F4EC164FA9C000A05F46 /* EASTEval.ometam */ = {isa = PBXFileReference; fileEncoding = 4; lastKnownFileType = text; path = EASTEval.ometam; sourceTree = "<group>"; };
		8371F4F6164FAB5600A05F46 /* ExpRecognizer.ometam */ = {isa = PBXFileReference; fileEncoding = 4; lastKnownFileType = text; path = ExpRecognizer.ometam; sourceTree = "<group>"; };
		8371F4F8164FABAD00A05F46 /* CEOMetaGeneratedCodeTests.h */ = {isa = PBXFileReference; fileEncoding = 4; lastKnownFileType = sourcecode.c.h; path = CEOMetaGeneratedCodeTests.h; sourceTree = "<group>"; };
		8371F4F9164FABAD00A05F46 /* CEOMetaGeneratedCodeTests.m */ = {isa = PBXFileReference; fileEncoding = 4; lastKnownFileType = sourcecode.c.objc; path = CEOMetaGeneratedCodeTests.m; sourceTree = "<group>"; };
		8371F4FD164FAE1600A05F46 /* CEOMetaAST.h */ = {isa = PBXFileReference; lastKnownFileType = sourcecode.c.h; path = CEOMetaAST.h; sourceTree = "<group>"; };
		8371F4FF164FD88C00A05F46 /* Query.ometam */ = {isa = PBXFileReference; fileEncoding = 4; lastKnownFileType = text; path = Query.ometam; sourceTree = "<group>"; };
		8371F504164FDD0300A05F46 /* E.h */ = {isa = PBXFileReference; fileEncoding = 4; lastKnownFileType = sourcecode.c.h; path = E.h; sourceTree = "<group>"; };
		8371F505164FDD0300A05F46 /* E.m */ = {isa = PBXFileReference; fileEncoding = 4; lastKnownFileType = sourcecode.c.objc; path = E.m; sourceTree = "<group>"; };
		8371F506164FDD0300A05F46 /* EAST.h */ = {isa = PBXFileReference; fileEncoding = 4; lastKnownFileType = sourcecode.c.h; path = EAST.h; sourceTree = "<group>"; };
		8371F507164FDD0300A05F46 /* EAST.m */ = {isa = PBXFileReference; fileEncoding = 4; lastKnownFileType = sourcecode.c.objc; path = EAST.m; sourceTree = "<group>"; };
		8371F508164FDD0300A05F46 /* EASTEval.h */ = {isa = PBXFileReference; fileEncoding = 4; lastKnownFileType = sourcecode.c.h; path = EASTEval.h; sourceTree = "<group>"; };
		8371F509164FDD0300A05F46 /* EASTEval.m */ = {isa = PBXFileReference; fileEncoding = 4; lastKnownFileType = sourcecode.c.objc; path = EASTEval.m; sourceTree = "<group>"; };
		8371F50D164FDD0E00A05F46 /* Calc.h */ = {isa = PBXFileReference; fileEncoding = 4; lastKnownFileType = sourcecode.c.h; path = Calc.h; sourceTree = "<group>"; };
		8371F50E164FDD0E00A05F46 /* Calc.m */ = {isa = PBXFileReference; fileEncoding = 4; lastKnownFileType = sourcecode.c.objc; path = Calc.m; sourceTree = "<group>"; };
		8371F510164FDD2700A05F46 /* Query.h */ = {isa = PBXFileReference; fileEncoding = 4; lastKnownFileType = sourcecode.c.h; path = Query.h; sourceTree = "<group>"; };
		8371F511164FDD2700A05F46 /* Query.m */ = {isa = PBXFileReference; fileEncoding = 4; lastKnownFileType = sourcecode.c.objc; path = Query.m; sourceTree = "<group>"; };
		83756C1C164BB2CA00360B28 /* CEOMetaRepeatOne.h */ = {isa = PBXFileReference; fileEncoding = 4; lastKnownFileType = sourcecode.c.h; path = CEOMetaRepeatOne.h; sourceTree = "<group>"; };
		83756C1D164BB2CA00360B28 /* CEOMetaRepeatOne.m */ = {isa = PBXFileReference; fileEncoding = 4; lastKnownFileType = sourcecode.c.objc; path = CEOMetaRepeatOne.m; sourceTree = "<group>"; };
		83756C20164BB6DD00360B28 /* CEOMetaNamed.h */ = {isa = PBXFileReference; fileEncoding = 4; lastKnownFileType = sourcecode.c.h; path = CEOMetaNamed.h; sourceTree = "<group>"; };
		83756C21164BB6DD00360B28 /* CEOMetaNamed.m */ = {isa = PBXFileReference; fileEncoding = 4; lastKnownFileType = sourcecode.c.objc; path = CEOMetaNamed.m; sourceTree = "<group>"; };
		83756C23164BBD3700360B28 /* CEOMetaAct.h */ = {isa = PBXFileReference; fileEncoding = 4; lastKnownFileType = sourcecode.c.h; path = CEOMetaAct.h; sourceTree = "<group>"; };
		83756C24164BBD3700360B28 /* CEOMetaAct.m */ = {isa = PBXFileReference; fileEncoding = 4; lastKnownFileType = sourcecode.c.objc; path = CEOMetaAct.m; sourceTree = "<group>"; };
		83E20280164BF6D200FED94D /* CEOMetaList.h */ = {isa = PBXFileReference; fileEncoding = 4; lastKnownFileType = sourcecode.c.h; path = CEOMetaList.h; sourceTree = "<group>"; };
		83E20281164BF6D200FED94D /* CEOMetaList.m */ = {isa = PBXFileReference; fileEncoding = 4; lastKnownFileType = sourcecode.c.objc; path = CEOMetaList.m; sourceTree = "<group>"; };
		83E20287164C03C400FED94D /* NSArray+Stream.h */ = {isa = PBXFileReference; fileEncoding = 4; lastKnownFileType = sourcecode.c.h; path = "NSArray+Stream.h"; sourceTree = "<group>"; };
		83E20288164C03C400FED94D /* NSArray+Stream.m */ = {isa = PBXFileReference; fileEncoding = 4; lastKnownFileType = sourcecode.c.objc; path = "NSArray+Stream.m"; sourceTree = "<group>"; };
/* End PBXFileReference section */

/* Begin PBXFrameworksBuildPhase section */
		83718AE2164A6AA900860D8A /* Frameworks */ = {
			isa = PBXFrameworksBuildPhase;
			buildActionMask = 2147483647;
			files = (
				83718AEA164A6AA900860D8A /* UIKit.framework in Frameworks */,
				83718AEC164A6AA900860D8A /* Foundation.framework in Frameworks */,
				83718AEE164A6AA900860D8A /* CoreGraphics.framework in Frameworks */,
				83718AF0164A6AA900860D8A /* CoreData.framework in Frameworks */,
			);
			runOnlyForDeploymentPostprocessing = 0;
		};
		83718B07164A6AA900860D8A /* Frameworks */ = {
			isa = PBXFrameworksBuildPhase;
			buildActionMask = 2147483647;
			files = (
				83718B0D164A6AA900860D8A /* SenTestingKit.framework in Frameworks */,
				83718B0E164A6AA900860D8A /* UIKit.framework in Frameworks */,
				83718B0F164A6AA900860D8A /* Foundation.framework in Frameworks */,
				83718B10164A6AA900860D8A /* CoreData.framework in Frameworks */,
			);
			runOnlyForDeploymentPostprocessing = 0;
		};
/* End PBXFrameworksBuildPhase section */

/* Begin PBXGroup section */
		833ECC35164E512F003CF77D /* Tokens */ = {
			isa = PBXGroup;
			children = (
				833ECC36164E513C003CF77D /* CEKeywordToken.h */,
				833ECC37164E513C003CF77D /* CEKeywordToken.m */,
				833ECC39164E519B003CF77D /* CECodeToken.h */,
				833ECC3A164E519B003CF77D /* CECodeToken.m */,
				833ECC3C164E51CE003CF77D /* CEOperatorToken.h */,
				833ECC3D164E51CE003CF77D /* CEOperatorToken.m */,
				833ECC42164E70D0003CF77D /* CELiteralToken.h */,
				833ECC43164E70D0003CF77D /* CELiteralToken.m */,
				833ECC45164E7190003CF77D /* CETokens.h */,
			);
			name = Tokens;
			sourceTree = "<group>";
		};
		83718ADA164A6AA900860D8A = {
			isa = PBXGroup;
			children = (
				83718AF1164A6AA900860D8A /* OMeta */,
				83718B13164A6AA900860D8A /* OMetaTests */,
				83718AE8164A6AA900860D8A /* Frameworks */,
				83718AE6164A6AA900860D8A /* Products */,
			);
			sourceTree = "<group>";
		};
		83718AE6164A6AA900860D8A /* Products */ = {
			isa = PBXGroup;
			children = (
				83718AE5164A6AA900860D8A /* OMeta.app */,
				83718B0B164A6AA900860D8A /* OMetaTests.octest */,
			);
			name = Products;
			sourceTree = "<group>";
		};
		83718AE8164A6AA900860D8A /* Frameworks */ = {
			isa = PBXGroup;
			children = (
				83718AE9164A6AA900860D8A /* UIKit.framework */,
				83718AEB164A6AA900860D8A /* Foundation.framework */,
				83718AED164A6AA900860D8A /* CoreGraphics.framework */,
				83718AEF164A6AA900860D8A /* CoreData.framework */,
				83718B0C164A6AA900860D8A /* SenTestingKit.framework */,
			);
			name = Frameworks;
			sourceTree = "<group>";
		};
		83718AF1164A6AA900860D8A /* OMeta */ = {
			isa = PBXGroup;
			children = (
				83718AFA164A6AA900860D8A /* CEAppDelegate.h */,
				83718AFB164A6AA900860D8A /* CEAppDelegate.m */,
				83718B03164A6AA900860D8A /* OMeta.xcdatamodeld */,
				8371F4FB164FAD3800A05F46 /* Parser/Tokenizer */,
				83718B62164AC26500860D8A /* Evaluator */,
				8371F4FC164FAD7500A05F46 /* Categories */,
				83718AF2164A6AA900860D8A /* Supporting Files */,
			);
			path = OMeta;
			sourceTree = "<group>";
		};
		83718AF2164A6AA900860D8A /* Supporting Files */ = {
			isa = PBXGroup;
			children = (
				83718AF3164A6AA900860D8A /* OMeta-Info.plist */,
				83718AF4164A6AA900860D8A /* InfoPlist.strings */,
				83718AF7164A6AA900860D8A /* main.m */,
				83718AF9164A6AA900860D8A /* OMeta-Prefix.pch */,
				83718AFD164A6AA900860D8A /* Default.png */,
				83718AFF164A6AA900860D8A /* Default@2x.png */,
				83718B01164A6AA900860D8A /* Default-568h@2x.png */,
			);
			name = "Supporting Files";
			sourceTree = "<group>";
		};
		83718B13164A6AA900860D8A /* OMetaTests */ = {
			isa = PBXGroup;
			children = (
				8371F4F0164FA9C600A05F46 /* Example Programs */,
				83718B19164A6AA900860D8A /* OMetaTests.h */,
				83718B1A164A6AA900860D8A /* OMetaTests.m */,
				83718B27164A6B7E00860D8A /* CEOMetaTokenizerTests.h */,
				83718B28164A6B7E00860D8A /* CEOMetaTokenizerTests.m */,
				83718B3C164A70ED00860D8A /* CEOMetaParserTests.h */,
				83718B3D164A70ED00860D8A /* CEOMetaParserTests.m */,
				8371F4F8164FABAD00A05F46 /* CEOMetaGeneratedCodeTests.h */,
				8371F4F9164FABAD00A05F46 /* CEOMetaGeneratedCodeTests.m */,
				83718B14164A6AA900860D8A /* Supporting Files */,
			);
			path = OMetaTests;
			sourceTree = "<group>";
		};
		83718B14164A6AA900860D8A /* Supporting Files */ = {
			isa = PBXGroup;
			children = (
				83718B15164A6AA900860D8A /* OMetaTests-Info.plist */,
				83718B16164A6AA900860D8A /* InfoPlist.strings */,
			);
			name = "Supporting Files";
			sourceTree = "<group>";
		};
		83718B5B164AB9DF00860D8A /* AST */ = {
			isa = PBXGroup;
			children = (
				8371F4FD164FAE1600A05F46 /* CEOMetaAST.h */,
				83718B38164A70C900860D8A /* CEOMetaProgram.h */,
				83718B39164A70C900860D8A /* CEOMetaProgram.m */,
				83718B45164A78BE00860D8A /* CEOMetaRule.h */,
				83718B46164A78BE00860D8A /* CEOMetaRule.m */,
				83718B4E164AA83E00860D8A /* CEOMetaExp.h */,
				83718B48164A80E100860D8A /* CEOMetaApp.h */,
				83718B49164A80E100860D8A /* CEOMetaApp.m */,
				83718B4B164AA82D00860D8A /* CEOMetaChoice.h */,
				83718B4C164AA82D00860D8A /* CEOMetaChoice.m */,
				83718B4F164AAB5B00860D8A /* CEOMetaSeq.h */,
				83718B50164AAB5B00860D8A /* CEOMetaSeq.m */,
				83718B52164AAD6400860D8A /* CEOMetaRepeatMany.h */,
				83718B53164AAD6400860D8A /* CEOMetaRepeatMany.m */,
				83718B55164AB14D00860D8A /* CEOMetaNot.h */,
				83718B56164AB14D00860D8A /* CEOMetaNot.m */,
				83718B58164AB5B300860D8A /* CEOMetaString.h */,
				83718B59164AB5B300860D8A /* CEOMetaString.m */,
				83756C1C164BB2CA00360B28 /* CEOMetaRepeatOne.h */,
				83756C1D164BB2CA00360B28 /* CEOMetaRepeatOne.m */,
				83756C20164BB6DD00360B28 /* CEOMetaNamed.h */,
				83756C21164BB6DD00360B28 /* CEOMetaNamed.m */,
				83756C23164BBD3700360B28 /* CEOMetaAct.h */,
				83756C24164BBD3700360B28 /* CEOMetaAct.m */,
				83E20280164BF6D200FED94D /* CEOMetaList.h */,
				83E20281164BF6D200FED94D /* CEOMetaList.m */,
			);
			name = AST;
			sourceTree = "<group>";
		};
		83718B62164AC26500860D8A /* Evaluator */ = {
			isa = PBXGroup;
			children = (
				83718B5F164ABF7C00860D8A /* CEResultAndStream.h */,
				83718B60164ABF7D00860D8A /* CEResultAndStream.m */,
				83718B63164AC28300860D8A /* CEEvaluator.h */,
				83718B64164AC28300860D8A /* CEEvaluator.m */,
				83718B6B164AD12300860D8A /* NSString+Stream.h */,
				83718B6C164AD12300860D8A /* NSString+Stream.m */,
				83E20287164C03C400FED94D /* NSArray+Stream.h */,
				83E20288164C03C400FED94D /* NSArray+Stream.m */,
			);
			name = Evaluator;
			sourceTree = "<group>";
		};
		8371F4F0164FA9C600A05F46 /* Example Programs */ = {
			isa = PBXGroup;
			children = (
				8371F4F5164FA9F300A05F46 /* Compiled */,
				833ECC26164D08E6003CF77D /* Calc.ometam */,
				8371F4EA164FA9C000A05F46 /* E.ometam */,
				8371F4EB164FA9C000A05F46 /* EAST.ometam */,
				8371F4EC164FA9C000A05F46 /* EASTEval.ometam */,
				8371F4F6164FAB5600A05F46 /* ExpRecognizer.ometam */,
				8371F4FF164FD88C00A05F46 /* Query.ometam */,
			);
			name = "Example Programs";
			sourceTree = "<group>";
		};
		8371F4F5164FA9F300A05F46 /* Compiled */ = {
			isa = PBXGroup;
			children = (
				8371F50D164FDD0E00A05F46 /* Calc.h */,
				8371F50E164FDD0E00A05F46 /* Calc.m */,
				8371F504164FDD0300A05F46 /* E.h */,
				8371F505164FDD0300A05F46 /* E.m */,
				8371F506164FDD0300A05F46 /* EAST.h */,
				8371F507164FDD0300A05F46 /* EAST.m */,
				8371F508164FDD0300A05F46 /* EASTEval.h */,
				8371F509164FDD0300A05F46 /* EASTEval.m */,
				8371F510164FDD2700A05F46 /* Query.h */,
				8371F511164FDD2700A05F46 /* Query.m */,
			);
			name = Compiled;
			sourceTree = "<group>";
		};
		8371F4FB164FAD3800A05F46 /* Parser/Tokenizer */ = {
			isa = PBXGroup;
			children = (
				83718B2A164A6B9C00860D8A /* CEOMetaTokenizer.h */,
				83718B2B164A6B9C00860D8A /* CEOMetaTokenizer.m */,
				83718B24164A6B0C00860D8A /* CEOMetaParser.h */,
				83718B25164A6B0C00860D8A /* CEOMetaParser.m */,
				833ECC35164E512F003CF77D /* Tokens */,
				83718B5B164AB9DF00860D8A /* AST */,
			);
			name = Parser/Tokenizer;
			sourceTree = "<group>";
		};
		8371F4FC164FAD7500A05F46 /* Categories */ = {
			isa = PBXGroup;
			children = (
				83718B37164A6FCB00860D8A /* THBlocks.h */,
				83718B34164A6FB100860D8A /* NSArray+Extensions.h */,
				83718B35164A6FB100860D8A /* NSArray+Extensions.m */,
				833ECC3F164E6A5B003CF77D /* NSString+Extras.h */,
				833ECC40164E6A5C003CF77D /* NSString+Extras.m */,
			);
			name = Categories;
			sourceTree = "<group>";
		};
/* End PBXGroup section */

/* Begin PBXNativeTarget section */
		83718AE4164A6AA900860D8A /* OMeta */ = {
			isa = PBXNativeTarget;
			buildConfigurationList = 83718B1E164A6AA900860D8A /* Build configuration list for PBXNativeTarget "OMeta" */;
			buildPhases = (
				83718AE1164A6AA900860D8A /* Sources */,
				83718AE2164A6AA900860D8A /* Frameworks */,
				83718AE3164A6AA900860D8A /* Resources */,
				83E2028C164CFECB00FED94D /* ShellScript */,
			);
			buildRules = (
			);
			dependencies = (
			);
			name = OMeta;
			productName = OMeta;
			productReference = 83718AE5164A6AA900860D8A /* OMeta.app */;
			productType = "com.apple.product-type.application";
		};
		83718B0A164A6AA900860D8A /* OMetaTests */ = {
			isa = PBXNativeTarget;
			buildConfigurationList = 83718B21164A6AA900860D8A /* Build configuration list for PBXNativeTarget "OMetaTests" */;
			buildPhases = (
				83718B06164A6AA900860D8A /* Sources */,
				83718B07164A6AA900860D8A /* Frameworks */,
				83718B08164A6AA900860D8A /* Resources */,
				83718B09164A6AA900860D8A /* ShellScript */,
			);
			buildRules = (
			);
			dependencies = (
				83718B12164A6AA900860D8A /* PBXTargetDependency */,
			);
			name = OMetaTests;
			productName = OMetaTests;
			productReference = 83718B0B164A6AA900860D8A /* OMetaTests.octest */;
			productType = "com.apple.product-type.bundle";
		};
/* End PBXNativeTarget section */

/* Begin PBXProject section */
		83718ADC164A6AA900860D8A /* Project object */ = {
			isa = PBXProject;
			attributes = {
				CLASSPREFIX = CE;
				LastUpgradeCheck = 0450;
				ORGANIZATIONNAME = "Chris Eidhof";
			};
			buildConfigurationList = 83718ADF164A6AA900860D8A /* Build configuration list for PBXProject "OMeta" */;
			compatibilityVersion = "Xcode 3.2";
			developmentRegion = English;
			hasScannedForEncodings = 0;
			knownRegions = (
				en,
			);
			mainGroup = 83718ADA164A6AA900860D8A;
			productRefGroup = 83718AE6164A6AA900860D8A /* Products */;
			projectDirPath = "";
			projectRoot = "";
			targets = (
				83718AE4164A6AA900860D8A /* OMeta */,
				83718B0A164A6AA900860D8A /* OMetaTests */,
			);
		};
/* End PBXProject section */

/* Begin PBXResourcesBuildPhase section */
		83718AE3164A6AA900860D8A /* Resources */ = {
			isa = PBXResourcesBuildPhase;
			buildActionMask = 2147483647;
			files = (
				83718AF6164A6AA900860D8A /* InfoPlist.strings in Resources */,
				83718AFE164A6AA900860D8A /* Default.png in Resources */,
				83718B00164A6AA900860D8A /* Default@2x.png in Resources */,
				83718B02164A6AA900860D8A /* Default-568h@2x.png in Resources */,
			);
			runOnlyForDeploymentPostprocessing = 0;
		};
		83718B08164A6AA900860D8A /* Resources */ = {
			isa = PBXResourcesBuildPhase;
			buildActionMask = 2147483647;
			files = (
				83718B18164A6AA900860D8A /* InfoPlist.strings in Resources */,
				833ECC27164D08E6003CF77D /* Calc.ometam in Resources */,
				8371F4ED164FA9C000A05F46 /* E.ometam in Resources */,
				8371F4EE164FA9C000A05F46 /* EAST.ometam in Resources */,
				8371F4EF164FA9C000A05F46 /* EASTEval.ometam in Resources */,
				8371F4F7164FAB5600A05F46 /* ExpRecognizer.ometam in Resources */,
				8371F500164FD88C00A05F46 /* Query.ometam in Resources */,
			);
			runOnlyForDeploymentPostprocessing = 0;
		};
/* End PBXResourcesBuildPhase section */

/* Begin PBXShellScriptBuildPhase section */
		83718B09164A6AA900860D8A /* ShellScript */ = {
			isa = PBXShellScriptBuildPhase;
			buildActionMask = 2147483647;
			files = (
			);
			inputPaths = (
			);
			outputPaths = (
			);
			runOnlyForDeploymentPostprocessing = 0;
			shellPath = /bin/sh;
			shellScript = "# Run the unit tests in this test bundle.\n\"${SYSTEM_DEVELOPER_DIR}/Tools/RunUnitTests\"\n";
		};
		83E2028C164CFECB00FED94D /* ShellScript */ = {
			isa = PBXShellScriptBuildPhase;
			buildActionMask = 2147483647;
			files = (
			);
			inputPaths = (
			);
			outputPaths = (
			);
			runOnlyForDeploymentPostprocessing = 0;
			shellPath = /bin/sh;
			shellScript = "";
		};
/* End PBXShellScriptBuildPhase section */

/* Begin PBXSourcesBuildPhase section */
		83718AE1164A6AA900860D8A /* Sources */ = {
			isa = PBXSourcesBuildPhase;
			buildActionMask = 2147483647;
			files = (
				83718AF8164A6AA900860D8A /* main.m in Sources */,
				83718AFC164A6AA900860D8A /* CEAppDelegate.m in Sources */,
				83718B05164A6AA900860D8A /* OMeta.xcdatamodeld in Sources */,
				83718B26164A6B0C00860D8A /* CEOMetaParser.m in Sources */,
				83718B2C164A6B9C00860D8A /* CEOMetaTokenizer.m in Sources */,
				83718B36164A6FB100860D8A /* NSArray+Extensions.m in Sources */,
				83718B3A164A70C900860D8A /* CEOMetaProgram.m in Sources */,
				83718B47164A78BE00860D8A /* CEOMetaRule.m in Sources */,
				83718B4A164A80E100860D8A /* CEOMetaApp.m in Sources */,
				83718B4D164AA82D00860D8A /* CEOMetaChoice.m in Sources */,
				83718B51164AAB5B00860D8A /* CEOMetaSeq.m in Sources */,
				83718B54164AAD6400860D8A /* CEOMetaRepeatMany.m in Sources */,
				83718B57164AB14D00860D8A /* CEOMetaNot.m in Sources */,
				83718B5A164AB5B400860D8A /* CEOMetaString.m in Sources */,
				83718B61164ABF7D00860D8A /* CEResultAndStream.m in Sources */,
				83718B65164AC28300860D8A /* CEEvaluator.m in Sources */,
				83718B6D164AD12300860D8A /* NSString+Stream.m in Sources */,
				83756C1E164BB2CA00360B28 /* CEOMetaRepeatOne.m in Sources */,
				83756C22164BB6DD00360B28 /* CEOMetaNamed.m in Sources */,
				83756C25164BBD3700360B28 /* CEOMetaAct.m in Sources */,
				83E20282164BF6D200FED94D /* CEOMetaList.m in Sources */,
				83E20289164C03C400FED94D /* NSArray+Stream.m in Sources */,
				833ECC38164E513C003CF77D /* CEKeywordToken.m in Sources */,
				833ECC3B164E519B003CF77D /* CECodeToken.m in Sources */,
				833ECC3E164E51CE003CF77D /* CEOperatorToken.m in Sources */,
				833ECC41164E6A5C003CF77D /* NSString+Extras.m in Sources */,
				833ECC44164E70D0003CF77D /* CELiteralToken.m in Sources */,
			);
			runOnlyForDeploymentPostprocessing = 0;
		};
		83718B06164A6AA900860D8A /* Sources */ = {
			isa = PBXSourcesBuildPhase;
			buildActionMask = 2147483647;
			files = (
				83718B1B164A6AA900860D8A /* OMetaTests.m in Sources */,
				83718B29164A6B7E00860D8A /* CEOMetaTokenizerTests.m in Sources */,
				83718B3E164A70ED00860D8A /* CEOMetaParserTests.m in Sources */,
				8371F4FA164FABAD00A05F46 /* CEOMetaGeneratedCodeTests.m in Sources */,
				8371F50A164FDD0300A05F46 /* E.m in Sources */,
				8371F50B164FDD0300A05F46 /* EAST.m in Sources */,
				8371F50C164FDD0300A05F46 /* EASTEval.m in Sources */,
				8371F50F164FDD0E00A05F46 /* Calc.m in Sources */,
				8371F512164FDD2700A05F46 /* Query.m in Sources */,
			);
			runOnlyForDeploymentPostprocessing = 0;
		};
/* End PBXSourcesBuildPhase section */

/* Begin PBXTargetDependency section */
		83718B12164A6AA900860D8A /* PBXTargetDependency */ = {
			isa = PBXTargetDependency;
			target = 83718AE4164A6AA900860D8A /* OMeta */;
			targetProxy = 83718B11164A6AA900860D8A /* PBXContainerItemProxy */;
		};
/* End PBXTargetDependency section */

/* Begin PBXVariantGroup section */
		83718AF4164A6AA900860D8A /* InfoPlist.strings */ = {
			isa = PBXVariantGroup;
			children = (
				83718AF5164A6AA900860D8A /* en */,
			);
			name = InfoPlist.strings;
			sourceTree = "<group>";
		};
		83718B16164A6AA900860D8A /* InfoPlist.strings */ = {
			isa = PBXVariantGroup;
			children = (
				83718B17164A6AA900860D8A /* en */,
			);
			name = InfoPlist.strings;
			sourceTree = "<group>";
		};
/* End PBXVariantGroup section */

/* Begin XCBuildConfiguration section */
		83718B1C164A6AA900860D8A /* Debug */ = {
			isa = XCBuildConfiguration;
			buildSettings = {
				ALWAYS_SEARCH_USER_PATHS = NO;
				CLANG_CXX_LANGUAGE_STANDARD = "gnu++0x";
				CLANG_CXX_LIBRARY = "libc++";
				CLANG_ENABLE_OBJC_ARC = YES;
				CLANG_WARN_EMPTY_BODY = YES;
				CLANG_WARN__DUPLICATE_METHOD_MATCH = YES;
				"CODE_SIGN_IDENTITY[sdk=iphoneos*]" = "iPhone Developer";
				COPY_PHASE_STRIP = NO;
				GCC_C_LANGUAGE_STANDARD = gnu99;
				GCC_DYNAMIC_NO_PIC = NO;
				GCC_OPTIMIZATION_LEVEL = 0;
				GCC_PREPROCESSOR_DEFINITIONS = (
					"DEBUG=1",
					"$(inherited)",
				);
				GCC_SYMBOLS_PRIVATE_EXTERN = NO;
				GCC_WARN_ABOUT_RETURN_TYPE = YES;
				GCC_WARN_UNINITIALIZED_AUTOS = YES;
				GCC_WARN_UNUSED_VARIABLE = YES;
				IPHONEOS_DEPLOYMENT_TARGET = 6.0;
				ONLY_ACTIVE_ARCH = YES;
				SDKROOT = iphoneos;
			};
			name = Debug;
		};
		83718B1D164A6AA900860D8A /* Release */ = {
			isa = XCBuildConfiguration;
			buildSettings = {
				ALWAYS_SEARCH_USER_PATHS = NO;
				CLANG_CXX_LANGUAGE_STANDARD = "gnu++0x";
				CLANG_CXX_LIBRARY = "libc++";
				CLANG_ENABLE_OBJC_ARC = YES;
				CLANG_WARN_EMPTY_BODY = YES;
				CLANG_WARN__DUPLICATE_METHOD_MATCH = YES;
				"CODE_SIGN_IDENTITY[sdk=iphoneos*]" = "iPhone Developer";
				COPY_PHASE_STRIP = YES;
				GCC_C_LANGUAGE_STANDARD = gnu99;
				GCC_WARN_ABOUT_RETURN_TYPE = YES;
				GCC_WARN_UNINITIALIZED_AUTOS = YES;
				GCC_WARN_UNUSED_VARIABLE = YES;
				IPHONEOS_DEPLOYMENT_TARGET = 6.0;
				OTHER_CFLAGS = "-DNS_BLOCK_ASSERTIONS=1";
				SDKROOT = iphoneos;
				VALIDATE_PRODUCT = YES;
			};
			name = Release;
		};
		83718B1F164A6AA900860D8A /* Debug */ = {
			isa = XCBuildConfiguration;
			buildSettings = {
				GCC_PRECOMPILE_PREFIX_HEADER = YES;
				GCC_PREFIX_HEADER = "OMeta/OMeta-Prefix.pch";
				INFOPLIST_FILE = "OMeta/OMeta-Info.plist";
				PRODUCT_NAME = "$(TARGET_NAME)";
				WRAPPER_EXTENSION = app;
			};
			name = Debug;
		};
		83718B20164A6AA900860D8A /* Release */ = {
			isa = XCBuildConfiguration;
			buildSettings = {
				GCC_PRECOMPILE_PREFIX_HEADER = YES;
				GCC_PREFIX_HEADER = "OMeta/OMeta-Prefix.pch";
				INFOPLIST_FILE = "OMeta/OMeta-Info.plist";
				PRODUCT_NAME = "$(TARGET_NAME)";
				WRAPPER_EXTENSION = app;
			};
			name = Release;
		};
		83718B22164A6AA900860D8A /* Debug */ = {
			isa = XCBuildConfiguration;
			buildSettings = {
				BUNDLE_LOADER = "$(BUILT_PRODUCTS_DIR)/OMeta.app/OMeta";
				FRAMEWORK_SEARCH_PATHS = (
					"\"$(SDKROOT)/Developer/Library/Frameworks\"",
					"\"$(DEVELOPER_LIBRARY_DIR)/Frameworks\"",
				);
				GCC_PRECOMPILE_PREFIX_HEADER = YES;
				GCC_PREFIX_HEADER = "OMeta/OMeta-Prefix.pch";
				INFOPLIST_FILE = "OMetaTests/OMetaTests-Info.plist";
				PRODUCT_NAME = "$(TARGET_NAME)";
				TEST_HOST = "$(BUNDLE_LOADER)";
				WRAPPER_EXTENSION = octest;
			};
			name = Debug;
		};
		83718B23164A6AA900860D8A /* Release */ = {
			isa = XCBuildConfiguration;
			buildSettings = {
				BUNDLE_LOADER = "$(BUILT_PRODUCTS_DIR)/OMeta.app/OMeta";
				FRAMEWORK_SEARCH_PATHS = (
					"\"$(SDKROOT)/Developer/Library/Frameworks\"",
					"\"$(DEVELOPER_LIBRARY_DIR)/Frameworks\"",
				);
				GCC_PRECOMPILE_PREFIX_HEADER = YES;
				GCC_PREFIX_HEADER = "OMeta/OMeta-Prefix.pch";
				INFOPLIST_FILE = "OMetaTests/OMetaTests-Info.plist";
				PRODUCT_NAME = "$(TARGET_NAME)";
				TEST_HOST = "$(BUNDLE_LOADER)";
				WRAPPER_EXTENSION = octest;
			};
			name = Release;
		};
/* End XCBuildConfiguration section */

/* Begin XCConfigurationList section */
		83718ADF164A6AA900860D8A /* Build configuration list for PBXProject "OMeta" */ = {
			isa = XCConfigurationList;
			buildConfigurations = (
				83718B1C164A6AA900860D8A /* Debug */,
				83718B1D164A6AA900860D8A /* Release */,
			);
			defaultConfigurationIsVisible = 0;
			defaultConfigurationName = Release;
		};
		83718B1E164A6AA900860D8A /* Build configuration list for PBXNativeTarget "OMeta" */ = {
			isa = XCConfigurationList;
			buildConfigurations = (
				83718B1F164A6AA900860D8A /* Debug */,
				83718B20164A6AA900860D8A /* Release */,
			);
			defaultConfigurationIsVisible = 0;
			defaultConfigurationName = Release;
		};
		83718B21164A6AA900860D8A /* Build configuration list for PBXNativeTarget "OMetaTests" */ = {
			isa = XCConfigurationList;
			buildConfigurations = (
				83718B22164A6AA900860D8A /* Debug */,
				83718B23164A6AA900860D8A /* Release */,
			);
			defaultConfigurationIsVisible = 0;
			defaultConfigurationName = Release;
		};
/* End XCConfigurationList section */

/* Begin XCVersionGroup section */
		83718B03164A6AA900860D8A /* OMeta.xcdatamodeld */ = {
			isa = XCVersionGroup;
			children = (
				83718B04164A6AA900860D8A /* OMeta.xcdatamodel */,
			);
			currentVersion = 83718B04164A6AA900860D8A /* OMeta.xcdatamodel */;
			path = OMeta.xcdatamodeld;
			sourceTree = "<group>";
			versionGroupType = wrapper.xcdatamodel;
		};
/* End XCVersionGroup section */
	};
	rootObject = 83718ADC164A6AA900860D8A /* Project object */;
}
